// !$*UTF8*$!
{
	archiveVersion = 1;
	classes = {
	};
	objectVersion = 51;
	objects = {

/* Begin PBXBuildFile section */
		571287AE2A6D54CF25A2EF59 /* Pods_Leftover_LeftoverUITests.framework in Frameworks */ = {isa = PBXBuildFile; fileRef = 001F2D520A451BF01F97B5D4 /* Pods_Leftover_LeftoverUITests.framework */; };
		82E375E08D3C1CB1DF4A9EBD /* Pods_LeftoverTests.framework in Frameworks */ = {isa = PBXBuildFile; fileRef = EE8467EF52D66DC843CB3F22 /* Pods_LeftoverTests.framework */; };
		97099569261970E30007B2D4 /* AppDelegate.swift in Sources */ = {isa = PBXBuildFile; fileRef = 97099568261970E30007B2D4 /* AppDelegate.swift */; };
		9709956B261970E30007B2D4 /* SceneDelegate.swift in Sources */ = {isa = PBXBuildFile; fileRef = 9709956A261970E30007B2D4 /* SceneDelegate.swift */; };
		97099570261970E30007B2D4 /* Main.storyboard in Resources */ = {isa = PBXBuildFile; fileRef = 9709956E261970E30007B2D4 /* Main.storyboard */; };
		97099572261970E40007B2D4 /* Assets.xcassets in Resources */ = {isa = PBXBuildFile; fileRef = 97099571261970E40007B2D4 /* Assets.xcassets */; };
		97099575261970E40007B2D4 /* LaunchScreen.storyboard in Resources */ = {isa = PBXBuildFile; fileRef = 97099573261970E40007B2D4 /* LaunchScreen.storyboard */; };
		97099580261970E40007B2D4 /* LeftoverTests.swift in Sources */ = {isa = PBXBuildFile; fileRef = 9709957F261970E40007B2D4 /* LeftoverTests.swift */; };
		9709958B261970E40007B2D4 /* LeftoverUITests.swift in Sources */ = {isa = PBXBuildFile; fileRef = 9709958A261970E40007B2D4 /* LeftoverUITests.swift */; };
		970995A7261975000007B2D4 /* LoginViewController.swift in Sources */ = {isa = PBXBuildFile; fileRef = 970995A6261975000007B2D4 /* LoginViewController.swift */; };
		C9E5B35FABCD3670B866FE2E /* Pods_Leftover.framework in Frameworks */ = {isa = PBXBuildFile; fileRef = EF181DE7FEF4C88F37895E91 /* Pods_Leftover.framework */; };
/* End PBXBuildFile section */

/* Begin PBXContainerItemProxy section */
		9709957C261970E40007B2D4 /* PBXContainerItemProxy */ = {
			isa = PBXContainerItemProxy;
			containerPortal = 9709955D261970E30007B2D4 /* Project object */;
			proxyType = 1;
			remoteGlobalIDString = 97099564261970E30007B2D4;
			remoteInfo = Leftover;
		};
		97099587261970E40007B2D4 /* PBXContainerItemProxy */ = {
			isa = PBXContainerItemProxy;
			containerPortal = 9709955D261970E30007B2D4 /* Project object */;
			proxyType = 1;
			remoteGlobalIDString = 97099564261970E30007B2D4;
			remoteInfo = Leftover;
		};
/* End PBXContainerItemProxy section */

/* Begin PBXFileReference section */
		001F2D520A451BF01F97B5D4 /* Pods_Leftover_LeftoverUITests.framework */ = {isa = PBXFileReference; explicitFileType = wrapper.framework; includeInIndex = 0; path = Pods_Leftover_LeftoverUITests.framework; sourceTree = BUILT_PRODUCTS_DIR; };
		07085DB25842E39AB02E054A /* Pods-Leftover-LeftoverUITests.debug.xcconfig */ = {isa = PBXFileReference; includeInIndex = 1; lastKnownFileType = text.xcconfig; name = "Pods-Leftover-LeftoverUITests.debug.xcconfig"; path = "Target Support Files/Pods-Leftover-LeftoverUITests/Pods-Leftover-LeftoverUITests.debug.xcconfig"; sourceTree = "<group>"; };
		0F7B28BE52745E2DC3664E6E /* Pods-Leftover-LeftoverUITests.release.xcconfig */ = {isa = PBXFileReference; includeInIndex = 1; lastKnownFileType = text.xcconfig; name = "Pods-Leftover-LeftoverUITests.release.xcconfig"; path = "Target Support Files/Pods-Leftover-LeftoverUITests/Pods-Leftover-LeftoverUITests.release.xcconfig"; sourceTree = "<group>"; };
		346ED64110E96DA9706B26F2 /* Pods-Leftover.debug.xcconfig */ = {isa = PBXFileReference; includeInIndex = 1; lastKnownFileType = text.xcconfig; name = "Pods-Leftover.debug.xcconfig"; path = "Target Support Files/Pods-Leftover/Pods-Leftover.debug.xcconfig"; sourceTree = "<group>"; };
		5D1FE64DF2114275DCBBABC3 /* Pods-Leftover.release.xcconfig */ = {isa = PBXFileReference; includeInIndex = 1; lastKnownFileType = text.xcconfig; name = "Pods-Leftover.release.xcconfig"; path = "Target Support Files/Pods-Leftover/Pods-Leftover.release.xcconfig"; sourceTree = "<group>"; };
		97099565261970E30007B2D4 /* Leftover.app */ = {isa = PBXFileReference; explicitFileType = wrapper.application; includeInIndex = 0; path = Leftover.app; sourceTree = BUILT_PRODUCTS_DIR; };
		97099568261970E30007B2D4 /* AppDelegate.swift */ = {isa = PBXFileReference; lastKnownFileType = sourcecode.swift; path = AppDelegate.swift; sourceTree = "<group>"; };
		9709956A261970E30007B2D4 /* SceneDelegate.swift */ = {isa = PBXFileReference; lastKnownFileType = sourcecode.swift; path = SceneDelegate.swift; sourceTree = "<group>"; };
		9709956F261970E30007B2D4 /* Base */ = {isa = PBXFileReference; lastKnownFileType = file.storyboard; name = Base; path = Base.lproj/Main.storyboard; sourceTree = "<group>"; };
		97099571261970E40007B2D4 /* Assets.xcassets */ = {isa = PBXFileReference; lastKnownFileType = folder.assetcatalog; path = Assets.xcassets; sourceTree = "<group>"; };
		97099574261970E40007B2D4 /* Base */ = {isa = PBXFileReference; lastKnownFileType = file.storyboard; name = Base; path = Base.lproj/LaunchScreen.storyboard; sourceTree = "<group>"; };
		97099576261970E40007B2D4 /* Info.plist */ = {isa = PBXFileReference; lastKnownFileType = text.plist.xml; path = Info.plist; sourceTree = "<group>"; };
		9709957B261970E40007B2D4 /* LeftoverTests.xctest */ = {isa = PBXFileReference; explicitFileType = wrapper.cfbundle; includeInIndex = 0; path = LeftoverTests.xctest; sourceTree = BUILT_PRODUCTS_DIR; };
		9709957F261970E40007B2D4 /* LeftoverTests.swift */ = {isa = PBXFileReference; lastKnownFileType = sourcecode.swift; path = LeftoverTests.swift; sourceTree = "<group>"; };
		97099581261970E40007B2D4 /* Info.plist */ = {isa = PBXFileReference; lastKnownFileType = text.plist.xml; path = Info.plist; sourceTree = "<group>"; };
		97099586261970E40007B2D4 /* LeftoverUITests.xctest */ = {isa = PBXFileReference; explicitFileType = wrapper.cfbundle; includeInIndex = 0; path = LeftoverUITests.xctest; sourceTree = BUILT_PRODUCTS_DIR; };
		9709958A261970E40007B2D4 /* LeftoverUITests.swift */ = {isa = PBXFileReference; lastKnownFileType = sourcecode.swift; path = LeftoverUITests.swift; sourceTree = "<group>"; };
		9709958C261970E40007B2D4 /* Info.plist */ = {isa = PBXFileReference; lastKnownFileType = text.plist.xml; path = Info.plist; sourceTree = "<group>"; };
		970995A6261975000007B2D4 /* LoginViewController.swift */ = {isa = PBXFileReference; lastKnownFileType = sourcecode.swift; path = LoginViewController.swift; sourceTree = "<group>"; };
		D8B7E9446DDF7DE82F4054BD /* Pods-LeftoverTests.debug.xcconfig */ = {isa = PBXFileReference; includeInIndex = 1; lastKnownFileType = text.xcconfig; name = "Pods-LeftoverTests.debug.xcconfig"; path = "Target Support Files/Pods-LeftoverTests/Pods-LeftoverTests.debug.xcconfig"; sourceTree = "<group>"; };
		DD6E9DFF57BE90A7D070AF92 /* Pods-LeftoverTests.release.xcconfig */ = {isa = PBXFileReference; includeInIndex = 1; lastKnownFileType = text.xcconfig; name = "Pods-LeftoverTests.release.xcconfig"; path = "Target Support Files/Pods-LeftoverTests/Pods-LeftoverTests.release.xcconfig"; sourceTree = "<group>"; };
		EE8467EF52D66DC843CB3F22 /* Pods_LeftoverTests.framework */ = {isa = PBXFileReference; explicitFileType = wrapper.framework; includeInIndex = 0; path = Pods_LeftoverTests.framework; sourceTree = BUILT_PRODUCTS_DIR; };
		EF181DE7FEF4C88F37895E91 /* Pods_Leftover.framework */ = {isa = PBXFileReference; explicitFileType = wrapper.framework; includeInIndex = 0; path = Pods_Leftover.framework; sourceTree = BUILT_PRODUCTS_DIR; };
/* End PBXFileReference section */

/* Begin PBXFrameworksBuildPhase section */
		97099562261970E30007B2D4 /* Frameworks */ = {
			isa = PBXFrameworksBuildPhase;
			buildActionMask = 2147483647;
			files = (
				C9E5B35FABCD3670B866FE2E /* Pods_Leftover.framework in Frameworks */,
			);
			runOnlyForDeploymentPostprocessing = 0;
		};
		97099578261970E40007B2D4 /* Frameworks */ = {
			isa = PBXFrameworksBuildPhase;
			buildActionMask = 2147483647;
			files = (
				82E375E08D3C1CB1DF4A9EBD /* Pods_LeftoverTests.framework in Frameworks */,
			);
			runOnlyForDeploymentPostprocessing = 0;
		};
		97099583261970E40007B2D4 /* Frameworks */ = {
			isa = PBXFrameworksBuildPhase;
			buildActionMask = 2147483647;
			files = (
				571287AE2A6D54CF25A2EF59 /* Pods_Leftover_LeftoverUITests.framework in Frameworks */,
			);
			runOnlyForDeploymentPostprocessing = 0;
		};
/* End PBXFrameworksBuildPhase section */

/* Begin PBXGroup section */
		3FB47B132CE6288C0290B568 /* Frameworks */ = {
			isa = PBXGroup;
			children = (
				EF181DE7FEF4C88F37895E91 /* Pods_Leftover.framework */,
				001F2D520A451BF01F97B5D4 /* Pods_Leftover_LeftoverUITests.framework */,
				EE8467EF52D66DC843CB3F22 /* Pods_LeftoverTests.framework */,
			);
			name = Frameworks;
			sourceTree = "<group>";
		};
		86181CD97732A6F45DEAF053 /* Pods */ = {
			isa = PBXGroup;
			children = (
				346ED64110E96DA9706B26F2 /* Pods-Leftover.debug.xcconfig */,
				5D1FE64DF2114275DCBBABC3 /* Pods-Leftover.release.xcconfig */,
				07085DB25842E39AB02E054A /* Pods-Leftover-LeftoverUITests.debug.xcconfig */,
				0F7B28BE52745E2DC3664E6E /* Pods-Leftover-LeftoverUITests.release.xcconfig */,
				D8B7E9446DDF7DE82F4054BD /* Pods-LeftoverTests.debug.xcconfig */,
				DD6E9DFF57BE90A7D070AF92 /* Pods-LeftoverTests.release.xcconfig */,
			);
			path = Pods;
			sourceTree = "<group>";
		};
		9709955C261970E30007B2D4 = {
			isa = PBXGroup;
			children = (
				97099567261970E30007B2D4 /* Leftover */,
				9709957E261970E40007B2D4 /* LeftoverTests */,
				97099589261970E40007B2D4 /* LeftoverUITests */,
				97099566261970E30007B2D4 /* Products */,
				86181CD97732A6F45DEAF053 /* Pods */,
				3FB47B132CE6288C0290B568 /* Frameworks */,
			);
			sourceTree = "<group>";
		};
		97099566261970E30007B2D4 /* Products */ = {
			isa = PBXGroup;
			children = (
				97099565261970E30007B2D4 /* Leftover.app */,
				9709957B261970E40007B2D4 /* LeftoverTests.xctest */,
				97099586261970E40007B2D4 /* LeftoverUITests.xctest */,
			);
			name = Products;
			sourceTree = "<group>";
		};
		97099567261970E30007B2D4 /* Leftover */ = {
			isa = PBXGroup;
			children = (
				97099568261970E30007B2D4 /* AppDelegate.swift */,
				9709956A261970E30007B2D4 /* SceneDelegate.swift */,
				9709956E261970E30007B2D4 /* Main.storyboard */,
				97099571261970E40007B2D4 /* Assets.xcassets */,
				97099573261970E40007B2D4 /* LaunchScreen.storyboard */,
				97099576261970E40007B2D4 /* Info.plist */,
				970995A6261975000007B2D4 /* LoginViewController.swift */,
			);
			path = Leftover;
			sourceTree = "<group>";
		};
		9709957E261970E40007B2D4 /* LeftoverTests */ = {
			isa = PBXGroup;
			children = (
				9709957F261970E40007B2D4 /* LeftoverTests.swift */,
				97099581261970E40007B2D4 /* Info.plist */,
			);
			path = LeftoverTests;
			sourceTree = "<group>";
		};
		97099589261970E40007B2D4 /* LeftoverUITests */ = {
			isa = PBXGroup;
			children = (
				9709958A261970E40007B2D4 /* LeftoverUITests.swift */,
				9709958C261970E40007B2D4 /* Info.plist */,
			);
			path = LeftoverUITests;
			sourceTree = "<group>";
		};
/* End PBXGroup section */

/* Begin PBXNativeTarget section */
		97099564261970E30007B2D4 /* Leftover */ = {
			isa = PBXNativeTarget;
			buildConfigurationList = 9709958F261970E40007B2D4 /* Build configuration list for PBXNativeTarget "Leftover" */;
			buildPhases = (
				345226F0B7FF347E7AB3D53D /* [CP] Check Pods Manifest.lock */,
				97099561261970E30007B2D4 /* Sources */,
				97099562261970E30007B2D4 /* Frameworks */,
				97099563261970E30007B2D4 /* Resources */,
				3B7F7BE27B4E4D8F638CC22A /* [CP] Embed Pods Frameworks */,
			);
			buildRules = (
			);
			dependencies = (
			);
			name = Leftover;
			productName = Leftover;
			productReference = 97099565261970E30007B2D4 /* Leftover.app */;
			productType = "com.apple.product-type.application";
		};
		9709957A261970E40007B2D4 /* LeftoverTests */ = {
			isa = PBXNativeTarget;
			buildConfigurationList = 97099592261970E40007B2D4 /* Build configuration list for PBXNativeTarget "LeftoverTests" */;
			buildPhases = (
				383243F6C28B17B01DAC8EFD /* [CP] Check Pods Manifest.lock */,
				97099577261970E40007B2D4 /* Sources */,
				97099578261970E40007B2D4 /* Frameworks */,
				97099579261970E40007B2D4 /* Resources */,
			);
			buildRules = (
			);
			dependencies = (
				9709957D261970E40007B2D4 /* PBXTargetDependency */,
			);
			name = LeftoverTests;
			productName = LeftoverTests;
			productReference = 9709957B261970E40007B2D4 /* LeftoverTests.xctest */;
			productType = "com.apple.product-type.bundle.unit-test";
		};
		97099585261970E40007B2D4 /* LeftoverUITests */ = {
			isa = PBXNativeTarget;
			buildConfigurationList = 97099595261970E40007B2D4 /* Build configuration list for PBXNativeTarget "LeftoverUITests" */;
			buildPhases = (
				B73E957F75513A9BF85E69EC /* [CP] Check Pods Manifest.lock */,
				97099582261970E40007B2D4 /* Sources */,
				97099583261970E40007B2D4 /* Frameworks */,
				97099584261970E40007B2D4 /* Resources */,
				C13EDE1DB38A5FA96F1F66B1 /* [CP] Embed Pods Frameworks */,
			);
			buildRules = (
			);
			dependencies = (
				97099588261970E40007B2D4 /* PBXTargetDependency */,
			);
			name = LeftoverUITests;
			productName = LeftoverUITests;
			productReference = 97099586261970E40007B2D4 /* LeftoverUITests.xctest */;
			productType = "com.apple.product-type.bundle.ui-testing";
		};
/* End PBXNativeTarget section */

/* Begin PBXProject section */
		9709955D261970E30007B2D4 /* Project object */ = {
			isa = PBXProject;
			attributes = {
				LastSwiftUpdateCheck = 1240;
				LastUpgradeCheck = 1240;
				TargetAttributes = {
					97099564261970E30007B2D4 = {
						CreatedOnToolsVersion = 12.4;
					};
					9709957A261970E40007B2D4 = {
						CreatedOnToolsVersion = 12.4;
						TestTargetID = 97099564261970E30007B2D4;
					};
					97099585261970E40007B2D4 = {
						CreatedOnToolsVersion = 12.4;
						TestTargetID = 97099564261970E30007B2D4;
					};
				};
			};
			buildConfigurationList = 97099560261970E30007B2D4 /* Build configuration list for PBXProject "Leftover" */;
			compatibilityVersion = "Xcode 9.3";
			developmentRegion = en;
			hasScannedForEncodings = 0;
			knownRegions = (
				en,
				Base,
			);
			mainGroup = 9709955C261970E30007B2D4;
			productRefGroup = 97099566261970E30007B2D4 /* Products */;
			projectDirPath = "";
			projectRoot = "";
			targets = (
				97099564261970E30007B2D4 /* Leftover */,
				9709957A261970E40007B2D4 /* LeftoverTests */,
				97099585261970E40007B2D4 /* LeftoverUITests */,
			);
		};
/* End PBXProject section */

/* Begin PBXResourcesBuildPhase section */
		97099563261970E30007B2D4 /* Resources */ = {
			isa = PBXResourcesBuildPhase;
			buildActionMask = 2147483647;
			files = (
				97099575261970E40007B2D4 /* LaunchScreen.storyboard in Resources */,
				97099572261970E40007B2D4 /* Assets.xcassets in Resources */,
				97099570261970E30007B2D4 /* Main.storyboard in Resources */,
			);
			runOnlyForDeploymentPostprocessing = 0;
		};
		97099579261970E40007B2D4 /* Resources */ = {
			isa = PBXResourcesBuildPhase;
			buildActionMask = 2147483647;
			files = (
			);
			runOnlyForDeploymentPostprocessing = 0;
		};
		97099584261970E40007B2D4 /* Resources */ = {
			isa = PBXResourcesBuildPhase;
			buildActionMask = 2147483647;
			files = (
			);
			runOnlyForDeploymentPostprocessing = 0;
		};
/* End PBXResourcesBuildPhase section */

/* Begin PBXShellScriptBuildPhase section */
		345226F0B7FF347E7AB3D53D /* [CP] Check Pods Manifest.lock */ = {
			isa = PBXShellScriptBuildPhase;
			buildActionMask = 2147483647;
			files = (
			);
			inputFileListPaths = (
			);
			inputPaths = (
				"${PODS_PODFILE_DIR_PATH}/Podfile.lock",
				"${PODS_ROOT}/Manifest.lock",
			);
			name = "[CP] Check Pods Manifest.lock";
			outputFileListPaths = (
			);
			outputPaths = (
				"$(DERIVED_FILE_DIR)/Pods-Leftover-checkManifestLockResult.txt",
			);
			runOnlyForDeploymentPostprocessing = 0;
			shellPath = /bin/sh;
			shellScript = "diff \"${PODS_PODFILE_DIR_PATH}/Podfile.lock\" \"${PODS_ROOT}/Manifest.lock\" > /dev/null\nif [ $? != 0 ] ; then\n    # print error to STDERR\n    echo \"error: The sandbox is not in sync with the Podfile.lock. Run 'pod install' or update your CocoaPods installation.\" >&2\n    exit 1\nfi\n# This output is used by Xcode 'outputs' to avoid re-running this script phase.\necho \"SUCCESS\" > \"${SCRIPT_OUTPUT_FILE_0}\"\n";
			showEnvVarsInLog = 0;
		};
		383243F6C28B17B01DAC8EFD /* [CP] Check Pods Manifest.lock */ = {
			isa = PBXShellScriptBuildPhase;
			buildActionMask = 2147483647;
			files = (
			);
			inputFileListPaths = (
			);
			inputPaths = (
				"${PODS_PODFILE_DIR_PATH}/Podfile.lock",
				"${PODS_ROOT}/Manifest.lock",
			);
			name = "[CP] Check Pods Manifest.lock";
			outputFileListPaths = (
			);
			outputPaths = (
				"$(DERIVED_FILE_DIR)/Pods-LeftoverTests-checkManifestLockResult.txt",
			);
			runOnlyForDeploymentPostprocessing = 0;
			shellPath = /bin/sh;
			shellScript = "diff \"${PODS_PODFILE_DIR_PATH}/Podfile.lock\" \"${PODS_ROOT}/Manifest.lock\" > /dev/null\nif [ $? != 0 ] ; then\n    # print error to STDERR\n    echo \"error: The sandbox is not in sync with the Podfile.lock. Run 'pod install' or update your CocoaPods installation.\" >&2\n    exit 1\nfi\n# This output is used by Xcode 'outputs' to avoid re-running this script phase.\necho \"SUCCESS\" > \"${SCRIPT_OUTPUT_FILE_0}\"\n";
			showEnvVarsInLog = 0;
		};
		3B7F7BE27B4E4D8F638CC22A /* [CP] Embed Pods Frameworks */ = {
			isa = PBXShellScriptBuildPhase;
			buildActionMask = 2147483647;
			files = (
			);
			inputFileListPaths = (
				"${PODS_ROOT}/Target Support Files/Pods-Leftover/Pods-Leftover-frameworks-${CONFIGURATION}-input-files.xcfilelist",
			);
			name = "[CP] Embed Pods Frameworks";
			outputFileListPaths = (
				"${PODS_ROOT}/Target Support Files/Pods-Leftover/Pods-Leftover-frameworks-${CONFIGURATION}-output-files.xcfilelist",
			);
			runOnlyForDeploymentPostprocessing = 0;
			shellPath = /bin/sh;
			shellScript = "\"${PODS_ROOT}/Target Support Files/Pods-Leftover/Pods-Leftover-frameworks.sh\"\n";
			showEnvVarsInLog = 0;
		};
		B73E957F75513A9BF85E69EC /* [CP] Check Pods Manifest.lock */ = {
			isa = PBXShellScriptBuildPhase;
			buildActionMask = 2147483647;
			files = (
			);
			inputFileListPaths = (
			);
			inputPaths = (
				"${PODS_PODFILE_DIR_PATH}/Podfile.lock",
				"${PODS_ROOT}/Manifest.lock",
			);
			name = "[CP] Check Pods Manifest.lock";
			outputFileListPaths = (
			);
			outputPaths = (
				"$(DERIVED_FILE_DIR)/Pods-Leftover-LeftoverUITests-checkManifestLockResult.txt",
			);
			runOnlyForDeploymentPostprocessing = 0;
			shellPath = /bin/sh;
			shellScript = "diff \"${PODS_PODFILE_DIR_PATH}/Podfile.lock\" \"${PODS_ROOT}/Manifest.lock\" > /dev/null\nif [ $? != 0 ] ; then\n    # print error to STDERR\n    echo \"error: The sandbox is not in sync with the Podfile.lock. Run 'pod install' or update your CocoaPods installation.\" >&2\n    exit 1\nfi\n# This output is used by Xcode 'outputs' to avoid re-running this script phase.\necho \"SUCCESS\" > \"${SCRIPT_OUTPUT_FILE_0}\"\n";
			showEnvVarsInLog = 0;
		};
		C13EDE1DB38A5FA96F1F66B1 /* [CP] Embed Pods Frameworks */ = {
			isa = PBXShellScriptBuildPhase;
			buildActionMask = 2147483647;
			files = (
			);
			inputFileListPaths = (
				"${PODS_ROOT}/Target Support Files/Pods-Leftover-LeftoverUITests/Pods-Leftover-LeftoverUITests-frameworks-${CONFIGURATION}-input-files.xcfilelist",
			);
			name = "[CP] Embed Pods Frameworks";
			outputFileListPaths = (
				"${PODS_ROOT}/Target Support Files/Pods-Leftover-LeftoverUITests/Pods-Leftover-LeftoverUITests-frameworks-${CONFIGURATION}-output-files.xcfilelist",
			);
			runOnlyForDeploymentPostprocessing = 0;
			shellPath = /bin/sh;
			shellScript = "\"${PODS_ROOT}/Target Support Files/Pods-Leftover-LeftoverUITests/Pods-Leftover-LeftoverUITests-frameworks.sh\"\n";
			showEnvVarsInLog = 0;
		};
/* End PBXShellScriptBuildPhase section */

/* Begin PBXSourcesBuildPhase section */
		97099561261970E30007B2D4 /* Sources */ = {
			isa = PBXSourcesBuildPhase;
			buildActionMask = 2147483647;
			files = (
				970995A7261975000007B2D4 /* LoginViewController.swift in Sources */,
				97099569261970E30007B2D4 /* AppDelegate.swift in Sources */,
				9709956B261970E30007B2D4 /* SceneDelegate.swift in Sources */,
			);
			runOnlyForDeploymentPostprocessing = 0;
		};
		97099577261970E40007B2D4 /* Sources */ = {
			isa = PBXSourcesBuildPhase;
			buildActionMask = 2147483647;
			files = (
				97099580261970E40007B2D4 /* LeftoverTests.swift in Sources */,
			);
			runOnlyForDeploymentPostprocessing = 0;
		};
		97099582261970E40007B2D4 /* Sources */ = {
			isa = PBXSourcesBuildPhase;
			buildActionMask = 2147483647;
			files = (
				9709958B261970E40007B2D4 /* LeftoverUITests.swift in Sources */,
			);
			runOnlyForDeploymentPostprocessing = 0;
		};
/* End PBXSourcesBuildPhase section */

/* Begin PBXTargetDependency section */
		9709957D261970E40007B2D4 /* PBXTargetDependency */ = {
			isa = PBXTargetDependency;
			target = 97099564261970E30007B2D4 /* Leftover */;
			targetProxy = 9709957C261970E40007B2D4 /* PBXContainerItemProxy */;
		};
		97099588261970E40007B2D4 /* PBXTargetDependency */ = {
			isa = PBXTargetDependency;
			target = 97099564261970E30007B2D4 /* Leftover */;
			targetProxy = 97099587261970E40007B2D4 /* PBXContainerItemProxy */;
		};
/* End PBXTargetDependency section */

/* Begin PBXVariantGroup section */
		9709956E261970E30007B2D4 /* Main.storyboard */ = {
			isa = PBXVariantGroup;
			children = (
				9709956F261970E30007B2D4 /* Base */,
			);
			name = Main.storyboard;
			sourceTree = "<group>";
		};
		97099573261970E40007B2D4 /* LaunchScreen.storyboard */ = {
			isa = PBXVariantGroup;
			children = (
				97099574261970E40007B2D4 /* Base */,
			);
			name = LaunchScreen.storyboard;
			sourceTree = "<group>";
		};
/* End PBXVariantGroup section */

/* Begin XCBuildConfiguration section */
		9709958D261970E40007B2D4 /* Debug */ = {
			isa = XCBuildConfiguration;
			buildSettings = {
				ALWAYS_SEARCH_USER_PATHS = NO;
				CLANG_ANALYZER_NONNULL = YES;
				CLANG_ANALYZER_NUMBER_OBJECT_CONVERSION = YES_AGGRESSIVE;
				CLANG_CXX_LANGUAGE_STANDARD = "gnu++14";
				CLANG_CXX_LIBRARY = "libc++";
				CLANG_ENABLE_MODULES = YES;
				CLANG_ENABLE_OBJC_ARC = YES;
				CLANG_ENABLE_OBJC_WEAK = YES;
				CLANG_WARN_BLOCK_CAPTURE_AUTORELEASING = YES;
				CLANG_WARN_BOOL_CONVERSION = YES;
				CLANG_WARN_COMMA = YES;
				CLANG_WARN_CONSTANT_CONVERSION = YES;
				CLANG_WARN_DEPRECATED_OBJC_IMPLEMENTATIONS = YES;
				CLANG_WARN_DIRECT_OBJC_ISA_USAGE = YES_ERROR;
				CLANG_WARN_DOCUMENTATION_COMMENTS = YES;
				CLANG_WARN_EMPTY_BODY = YES;
				CLANG_WARN_ENUM_CONVERSION = YES;
				CLANG_WARN_INFINITE_RECURSION = YES;
				CLANG_WARN_INT_CONVERSION = YES;
				CLANG_WARN_NON_LITERAL_NULL_CONVERSION = YES;
				CLANG_WARN_OBJC_IMPLICIT_RETAIN_SELF = YES;
				CLANG_WARN_OBJC_LITERAL_CONVERSION = YES;
				CLANG_WARN_OBJC_ROOT_CLASS = YES_ERROR;
				CLANG_WARN_QUOTED_INCLUDE_IN_FRAMEWORK_HEADER = YES;
				CLANG_WARN_RANGE_LOOP_ANALYSIS = YES;
				CLANG_WARN_STRICT_PROTOTYPES = YES;
				CLANG_WARN_SUSPICIOUS_MOVE = YES;
				CLANG_WARN_UNGUARDED_AVAILABILITY = YES_AGGRESSIVE;
				CLANG_WARN_UNREACHABLE_CODE = YES;
				CLANG_WARN__DUPLICATE_METHOD_MATCH = YES;
				COPY_PHASE_STRIP = NO;
				DEBUG_INFORMATION_FORMAT = dwarf;
				ENABLE_STRICT_OBJC_MSGSEND = YES;
				ENABLE_TESTABILITY = YES;
				GCC_C_LANGUAGE_STANDARD = gnu11;
				GCC_DYNAMIC_NO_PIC = NO;
				GCC_NO_COMMON_BLOCKS = YES;
				GCC_OPTIMIZATION_LEVEL = 0;
				GCC_PREPROCESSOR_DEFINITIONS = (
					"DEBUG=1",
					"$(inherited)",
				);
				GCC_WARN_64_TO_32_BIT_CONVERSION = YES;
				GCC_WARN_ABOUT_RETURN_TYPE = YES_ERROR;
				GCC_WARN_UNDECLARED_SELECTOR = YES;
				GCC_WARN_UNINITIALIZED_AUTOS = YES_AGGRESSIVE;
				GCC_WARN_UNUSED_FUNCTION = YES;
				GCC_WARN_UNUSED_VARIABLE = YES;
				IPHONEOS_DEPLOYMENT_TARGET = 14.4;
				MTL_ENABLE_DEBUG_INFO = INCLUDE_SOURCE;
				MTL_FAST_MATH = YES;
				ONLY_ACTIVE_ARCH = YES;
				SDKROOT = iphoneos;
				SWIFT_ACTIVE_COMPILATION_CONDITIONS = DEBUG;
				SWIFT_OPTIMIZATION_LEVEL = "-Onone";
			};
			name = Debug;
		};
		9709958E261970E40007B2D4 /* Release */ = {
			isa = XCBuildConfiguration;
			buildSettings = {
				ALWAYS_SEARCH_USER_PATHS = NO;
				CLANG_ANALYZER_NONNULL = YES;
				CLANG_ANALYZER_NUMBER_OBJECT_CONVERSION = YES_AGGRESSIVE;
				CLANG_CXX_LANGUAGE_STANDARD = "gnu++14";
				CLANG_CXX_LIBRARY = "libc++";
				CLANG_ENABLE_MODULES = YES;
				CLANG_ENABLE_OBJC_ARC = YES;
				CLANG_ENABLE_OBJC_WEAK = YES;
				CLANG_WARN_BLOCK_CAPTURE_AUTORELEASING = YES;
				CLANG_WARN_BOOL_CONVERSION = YES;
				CLANG_WARN_COMMA = YES;
				CLANG_WARN_CONSTANT_CONVERSION = YES;
				CLANG_WARN_DEPRECATED_OBJC_IMPLEMENTATIONS = YES;
				CLANG_WARN_DIRECT_OBJC_ISA_USAGE = YES_ERROR;
				CLANG_WARN_DOCUMENTATION_COMMENTS = YES;
				CLANG_WARN_EMPTY_BODY = YES;
				CLANG_WARN_ENUM_CONVERSION = YES;
				CLANG_WARN_INFINITE_RECURSION = YES;
				CLANG_WARN_INT_CONVERSION = YES;
				CLANG_WARN_NON_LITERAL_NULL_CONVERSION = YES;
				CLANG_WARN_OBJC_IMPLICIT_RETAIN_SELF = YES;
				CLANG_WARN_OBJC_LITERAL_CONVERSION = YES;
				CLANG_WARN_OBJC_ROOT_CLASS = YES_ERROR;
				CLANG_WARN_QUOTED_INCLUDE_IN_FRAMEWORK_HEADER = YES;
				CLANG_WARN_RANGE_LOOP_ANALYSIS = YES;
				CLANG_WARN_STRICT_PROTOTYPES = YES;
				CLANG_WARN_SUSPICIOUS_MOVE = YES;
				CLANG_WARN_UNGUARDED_AVAILABILITY = YES_AGGRESSIVE;
				CLANG_WARN_UNREACHABLE_CODE = YES;
				CLANG_WARN__DUPLICATE_METHOD_MATCH = YES;
				COPY_PHASE_STRIP = NO;
				DEBUG_INFORMATION_FORMAT = "dwarf-with-dsym";
				ENABLE_NS_ASSERTIONS = NO;
				ENABLE_STRICT_OBJC_MSGSEND = YES;
				GCC_C_LANGUAGE_STANDARD = gnu11;
				GCC_NO_COMMON_BLOCKS = YES;
				GCC_WARN_64_TO_32_BIT_CONVERSION = YES;
				GCC_WARN_ABOUT_RETURN_TYPE = YES_ERROR;
				GCC_WARN_UNDECLARED_SELECTOR = YES;
				GCC_WARN_UNINITIALIZED_AUTOS = YES_AGGRESSIVE;
				GCC_WARN_UNUSED_FUNCTION = YES;
				GCC_WARN_UNUSED_VARIABLE = YES;
				IPHONEOS_DEPLOYMENT_TARGET = 14.4;
				MTL_ENABLE_DEBUG_INFO = NO;
				MTL_FAST_MATH = YES;
				SDKROOT = iphoneos;
				SWIFT_COMPILATION_MODE = wholemodule;
				SWIFT_OPTIMIZATION_LEVEL = "-O";
				VALIDATE_PRODUCT = YES;
			};
			name = Release;
		};
		97099590261970E40007B2D4 /* Debug */ = {
			isa = XCBuildConfiguration;
			baseConfigurationReference = 346ED64110E96DA9706B26F2 /* Pods-Leftover.debug.xcconfig */;
			buildSettings = {
				ASSETCATALOG_COMPILER_APPICON_NAME = AppIcon;
				ASSETCATALOG_COMPILER_GLOBAL_ACCENT_COLOR_NAME = AccentColor;
				CODE_SIGN_STYLE = Automatic;
				INFOPLIST_FILE = Leftover/Info.plist;
				LD_RUNPATH_SEARCH_PATHS = (
					"$(inherited)",
					"@executable_path/Frameworks",
				);
				PRODUCT_BUNDLE_IDENTIFIER = IIT.Leftover;
				PRODUCT_NAME = "$(TARGET_NAME)";
				SWIFT_VERSION = 5.0;
				TARGETED_DEVICE_FAMILY = "1,2";
			};
			name = Debug;
		};
		97099591261970E40007B2D4 /* Release */ = {
			isa = XCBuildConfiguration;
			baseConfigurationReference = 5D1FE64DF2114275DCBBABC3 /* Pods-Leftover.release.xcconfig */;
			buildSettings = {
				ASSETCATALOG_COMPILER_APPICON_NAME = AppIcon;
				ASSETCATALOG_COMPILER_GLOBAL_ACCENT_COLOR_NAME = AccentColor;
				CODE_SIGN_STYLE = Automatic;
				INFOPLIST_FILE = Leftover/Info.plist;
				LD_RUNPATH_SEARCH_PATHS = (
					"$(inherited)",
					"@executable_path/Frameworks",
				);
				PRODUCT_BUNDLE_IDENTIFIER = IIT.Leftover;
				PRODUCT_NAME = "$(TARGET_NAME)";
				SWIFT_VERSION = 5.0;
				TARGETED_DEVICE_FAMILY = "1,2";
			};
			name = Release;
		};
		97099593261970E40007B2D4 /* Debug */ = {
			isa = XCBuildConfiguration;
			baseConfigurationReference = D8B7E9446DDF7DE82F4054BD /* Pods-LeftoverTests.debug.xcconfig */;
			buildSettings = {
				ALWAYS_EMBED_SWIFT_STANDARD_LIBRARIES = YES;
				BUNDLE_LOADER = "$(TEST_HOST)";
				CODE_SIGN_STYLE = Automatic;
				INFOPLIST_FILE = LeftoverTests/Info.plist;
				IPHONEOS_DEPLOYMENT_TARGET = 14.4;
				LD_RUNPATH_SEARCH_PATHS = (
					"$(inherited)",
					"@executable_path/Frameworks",
					"@loader_path/Frameworks",
				);
				PRODUCT_BUNDLE_IDENTIFIER = IIT.LeftoverTests;
				PRODUCT_NAME = "$(TARGET_NAME)";
				SWIFT_VERSION = 5.0;
				TARGETED_DEVICE_FAMILY = "1,2";
				TEST_HOST = "$(BUILT_PRODUCTS_DIR)/Leftover.app/Leftover";
			};
			name = Debug;
		};
		97099594261970E40007B2D4 /* Release */ = {
			isa = XCBuildConfiguration;
			baseConfigurationReference = DD6E9DFF57BE90A7D070AF92 /* Pods-LeftoverTests.release.xcconfig */;
			buildSettings = {
				ALWAYS_EMBED_SWIFT_STANDARD_LIBRARIES = YES;
				BUNDLE_LOADER = "$(TEST_HOST)";
				CODE_SIGN_STYLE = Automatic;
				INFOPLIST_FILE = LeftoverTests/Info.plist;
				IPHONEOS_DEPLOYMENT_TARGET = 14.4;
				LD_RUNPATH_SEARCH_PATHS = (
					"$(inherited)",
					"@executable_path/Frameworks",
					"@loader_path/Frameworks",
				);
				PRODUCT_BUNDLE_IDENTIFIER = IIT.LeftoverTests;
				PRODUCT_NAME = "$(TARGET_NAME)";
				SWIFT_VERSION = 5.0;
				TARGETED_DEVICE_FAMILY = "1,2";
				TEST_HOST = "$(BUILT_PRODUCTS_DIR)/Leftover.app/Leftover";
			};
			name = Release;
		};
		97099596261970E40007B2D4 /* Debug */ = {
			isa = XCBuildConfiguration;
			baseConfigurationReference = 07085DB25842E39AB02E054A /* Pods-Leftover-LeftoverUITests.debug.xcconfig */;
			buildSettings = {
				ALWAYS_EMBED_SWIFT_STANDARD_LIBRARIES = YES;
				CODE_SIGN_STYLE = Automatic;
				INFOPLIST_FILE = LeftoverUITests/Info.plist;
				LD_RUNPATH_SEARCH_PATHS = (
					"$(inherited)",
					"@executable_path/Frameworks",
					"@loader_path/Frameworks",
				);
				PRODUCT_BUNDLE_IDENTIFIER = IIT.LeftoverUITests;
				PRODUCT_NAME = "$(TARGET_NAME)";
				SWIFT_VERSION = 5.0;
				TARGETED_DEVICE_FAMILY = "1,2";
				TEST_TARGET_NAME = Leftover;
			};
			name = Debug;
		};
		97099597261970E40007B2D4 /* Release */ = {
			isa = XCBuildConfiguration;
			baseConfigurationReference = 0F7B28BE52745E2DC3664E6E /* Pods-Leftover-LeftoverUITests.release.xcconfig */;
			buildSettings = {
				ALWAYS_EMBED_SWIFT_STANDARD_LIBRARIES = YES;
				CODE_SIGN_STYLE = Automatic;
				INFOPLIST_FILE = LeftoverUITests/Info.plist;
				LD_RUNPATH_SEARCH_PATHS = (
					"$(inherited)",
					"@executable_path/Frameworks",
					"@loader_path/Frameworks",
				);
				PRODUCT_BUNDLE_IDENTIFIER = IIT.LeftoverUITests;
				PRODUCT_NAME = "$(TARGET_NAME)";
				SWIFT_VERSION = 5.0;
				TARGETED_DEVICE_FAMILY = "1,2";
				TEST_TARGET_NAME = Leftover;
			};
			name = Release;
		};
/* End XCBuildConfiguration section */

/* Begin XCConfigurationList section */
		97099560261970E30007B2D4 /* Build configuration list for PBXProject "Leftover" */ = {
			isa = XCConfigurationList;
			buildConfigurations = (
				9709958D261970E40007B2D4 /* Debug */,
				9709958E261970E40007B2D4 /* Release */,
			);
			defaultConfigurationIsVisible = 0;
			defaultConfigurationName = Release;
		};
		9709958F261970E40007B2D4 /* Build configuration list for PBXNativeTarget "Leftover" */ = {
			isa = XCConfigurationList;
			buildConfigurations = (
				97099590261970E40007B2D4 /* Debug */,
				97099591261970E40007B2D4 /* Release */,
			);
			defaultConfigurationIsVisible = 0;
			defaultConfigurationName = Release;
		};
		97099592261970E40007B2D4 /* Build configuration list for PBXNativeTarget "LeftoverTests" */ = {
			isa = XCConfigurationList;
			buildConfigurations = (
				97099593261970E40007B2D4 /* Debug */,
				97099594261970E40007B2D4 /* Release */,
			);
			defaultConfigurationIsVisible = 0;
			defaultConfigurationName = Release;
		};
		97099595261970E40007B2D4 /* Build configuration list for PBXNativeTarget "LeftoverUITests" */ = {
			isa = XCConfigurationList;
			buildConfigurations = (
				97099596261970E40007B2D4 /* Debug */,
				97099597261970E40007B2D4 /* Release */,
			);
			defaultConfigurationIsVisible = 0;
			defaultConfigurationName = Release;
		};
/* End XCConfigurationList section */
	};
	rootObject = 9709955D261970E30007B2D4 /* Project object */;
}
