// !$*UTF8*$!
{
	archiveVersion = 1;
	classes = {
	};
	objectVersion = 50;
	objects = {

/* Begin PBXBuildFile section */
		04BE55EA2613CFA700FBC01D /* AppDelegate.swift in Sources */ = {isa = PBXBuildFile; fileRef = 04BE55E92613CFA700FBC01D /* AppDelegate.swift */; };
		04BE55EC2613CFA700FBC01D /* SceneDelegate.swift in Sources */ = {isa = PBXBuildFile; fileRef = 04BE55EB2613CFA700FBC01D /* SceneDelegate.swift */; };
		04BE55EE2613CFA700FBC01D /* ViewController.swift in Sources */ = {isa = PBXBuildFile; fileRef = 04BE55ED2613CFA700FBC01D /* ViewController.swift */; };
		04BE55F12613CFA700FBC01D /* Main.storyboard in Resources */ = {isa = PBXBuildFile; fileRef = 04BE55EF2613CFA700FBC01D /* Main.storyboard */; };
		04BE55F32613CFAB00FBC01D /* Assets.xcassets in Resources */ = {isa = PBXBuildFile; fileRef = 04BE55F22613CFAB00FBC01D /* Assets.xcassets */; };
		04BE55F62613CFAB00FBC01D /* LaunchScreen.storyboard in Resources */ = {isa = PBXBuildFile; fileRef = 04BE55F42613CFAB00FBC01D /* LaunchScreen.storyboard */; };
		04BE56012613CFAB00FBC01D /* code_pathTests.swift in Sources */ = {isa = PBXBuildFile; fileRef = 04BE56002613CFAB00FBC01D /* code_pathTests.swift */; };
		04BE560C2613CFAB00FBC01D /* code_pathUITests.swift in Sources */ = {isa = PBXBuildFile; fileRef = 04BE560B2613CFAB00FBC01D /* code_pathUITests.swift */; };
/* End PBXBuildFile section */

/* Begin PBXContainerItemProxy section */
		04BE55FD2613CFAB00FBC01D /* PBXContainerItemProxy */ = {
			isa = PBXContainerItemProxy;
			containerPortal = 04BE55DE2613CFA700FBC01D /* Project object */;
			proxyType = 1;
			remoteGlobalIDString = 04BE55E52613CFA700FBC01D;
			remoteInfo = "code-path";
		};
		04BE56082613CFAB00FBC01D /* PBXContainerItemProxy */ = {
			isa = PBXContainerItemProxy;
			containerPortal = 04BE55DE2613CFA700FBC01D /* Project object */;
			proxyType = 1;
			remoteGlobalIDString = 04BE55E52613CFA700FBC01D;
			remoteInfo = "code-path";
		};
/* End PBXContainerItemProxy section */

/* Begin PBXFileReference section */
		04BE55E62613CFA700FBC01D /* code-path.app */ = {isa = PBXFileReference; explicitFileType = wrapper.application; includeInIndex = 0; path = "code-path.app"; sourceTree = BUILT_PRODUCTS_DIR; };
		04BE55E92613CFA700FBC01D /* AppDelegate.swift */ = {isa = PBXFileReference; lastKnownFileType = sourcecode.swift; path = AppDelegate.swift; sourceTree = "<group>"; };
		04BE55EB2613CFA700FBC01D /* SceneDelegate.swift */ = {isa = PBXFileReference; lastKnownFileType = sourcecode.swift; path = SceneDelegate.swift; sourceTree = "<group>"; };
		04BE55ED2613CFA700FBC01D /* ViewController.swift */ = {isa = PBXFileReference; lastKnownFileType = sourcecode.swift; path = ViewController.swift; sourceTree = "<group>"; };
		04BE55F02613CFA700FBC01D /* Base */ = {isa = PBXFileReference; lastKnownFileType = file.storyboard; name = Base; path = Base.lproj/Main.storyboard; sourceTree = "<group>"; };
		04BE55F22613CFAB00FBC01D /* Assets.xcassets */ = {isa = PBXFileReference; lastKnownFileType = folder.assetcatalog; path = Assets.xcassets; sourceTree = "<group>"; };
		04BE55F52613CFAB00FBC01D /* Base */ = {isa = PBXFileReference; lastKnownFileType = file.storyboard; name = Base; path = Base.lproj/LaunchScreen.storyboard; sourceTree = "<group>"; };
		04BE55F72613CFAB00FBC01D /* Info.plist */ = {isa = PBXFileReference; lastKnownFileType = text.plist.xml; path = Info.plist; sourceTree = "<group>"; };
		04BE55FC2613CFAB00FBC01D /* code-pathTests.xctest */ = {isa = PBXFileReference; explicitFileType = wrapper.cfbundle; includeInIndex = 0; path = "code-pathTests.xctest"; sourceTree = BUILT_PRODUCTS_DIR; };
		04BE56002613CFAB00FBC01D /* code_pathTests.swift */ = {isa = PBXFileReference; lastKnownFileType = sourcecode.swift; path = code_pathTests.swift; sourceTree = "<group>"; };
		04BE56022613CFAB00FBC01D /* Info.plist */ = {isa = PBXFileReference; lastKnownFileType = text.plist.xml; path = Info.plist; sourceTree = "<group>"; };
		04BE56072613CFAB00FBC01D /* code-pathUITests.xctest */ = {isa = PBXFileReference; explicitFileType = wrapper.cfbundle; includeInIndex = 0; path = "code-pathUITests.xctest"; sourceTree = BUILT_PRODUCTS_DIR; };
		04BE560B2613CFAB00FBC01D /* code_pathUITests.swift */ = {isa = PBXFileReference; lastKnownFileType = sourcecode.swift; path = code_pathUITests.swift; sourceTree = "<group>"; };
		04BE560D2613CFAB00FBC01D /* Info.plist */ = {isa = PBXFileReference; lastKnownFileType = text.plist.xml; path = Info.plist; sourceTree = "<group>"; };
/* End PBXFileReference section */

/* Begin PBXFrameworksBuildPhase section */
		04BE55E32613CFA700FBC01D /* Frameworks */ = {
			isa = PBXFrameworksBuildPhase;
			buildActionMask = 2147483647;
			files = (
			);
			runOnlyForDeploymentPostprocessing = 0;
		};
		04BE55F92613CFAB00FBC01D /* Frameworks */ = {
			isa = PBXFrameworksBuildPhase;
			buildActionMask = 2147483647;
			files = (
			);
			runOnlyForDeploymentPostprocessing = 0;
		};
		04BE56042613CFAB00FBC01D /* Frameworks */ = {
			isa = PBXFrameworksBuildPhase;
			buildActionMask = 2147483647;
			files = (
			);
			runOnlyForDeploymentPostprocessing = 0;
		};
/* End PBXFrameworksBuildPhase section */

/* Begin PBXGroup section */
		04BE55DD2613CFA700FBC01D = {
			isa = PBXGroup;
			children = (
				04BE55E82613CFA700FBC01D /* code-path */,
				04BE55FF2613CFAB00FBC01D /* code-pathTests */,
				04BE560A2613CFAB00FBC01D /* code-pathUITests */,
				04BE55E72613CFA700FBC01D /* Products */,
			);
			sourceTree = "<group>";
		};
		04BE55E72613CFA700FBC01D /* Products */ = {
			isa = PBXGroup;
			children = (
				04BE55E62613CFA700FBC01D /* code-path.app */,
				04BE55FC2613CFAB00FBC01D /* code-pathTests.xctest */,
				04BE56072613CFAB00FBC01D /* code-pathUITests.xctest */,
			);
			name = Products;
			sourceTree = "<group>";
		};
		04BE55E82613CFA700FBC01D /* code-path */ = {
			isa = PBXGroup;
			children = (
				04BE55E92613CFA700FBC01D /* AppDelegate.swift */,
				04BE55EB2613CFA700FBC01D /* SceneDelegate.swift */,
				04BE55ED2613CFA700FBC01D /* ViewController.swift */,
				04BE55EF2613CFA700FBC01D /* Main.storyboard */,
				04BE55F22613CFAB00FBC01D /* Assets.xcassets */,
				04BE55F42613CFAB00FBC01D /* LaunchScreen.storyboard */,
				04BE55F72613CFAB00FBC01D /* Info.plist */,
			);
			path = "code-path";
			sourceTree = "<group>";
		};
		04BE55FF2613CFAB00FBC01D /* code-pathTests */ = {
			isa = PBXGroup;
			children = (
				04BE56002613CFAB00FBC01D /* code_pathTests.swift */,
				04BE56022613CFAB00FBC01D /* Info.plist */,
			);
			path = "code-pathTests";
			sourceTree = "<group>";
		};
		04BE560A2613CFAB00FBC01D /* code-pathUITests */ = {
			isa = PBXGroup;
			children = (
				04BE560B2613CFAB00FBC01D /* code_pathUITests.swift */,
				04BE560D2613CFAB00FBC01D /* Info.plist */,
			);
			path = "code-pathUITests";
			sourceTree = "<group>";
		};
/* End PBXGroup section */

/* Begin PBXNativeTarget section */
		04BE55E52613CFA700FBC01D /* code-path */ = {
			isa = PBXNativeTarget;
			buildConfigurationList = 04BE56102613CFAB00FBC01D /* Build configuration list for PBXNativeTarget "code-path" */;
			buildPhases = (
				04BE55E22613CFA700FBC01D /* Sources */,
				04BE55E32613CFA700FBC01D /* Frameworks */,
				04BE55E42613CFA700FBC01D /* Resources */,
			);
			buildRules = (
			);
			dependencies = (
			);
			name = "code-path";
			productName = "code-path";
			productReference = 04BE55E62613CFA700FBC01D /* code-path.app */;
			productType = "com.apple.product-type.application";
		};
		04BE55FB2613CFAB00FBC01D /* code-pathTests */ = {
			isa = PBXNativeTarget;
			buildConfigurationList = 04BE56132613CFAB00FBC01D /* Build configuration list for PBXNativeTarget "code-pathTests" */;
			buildPhases = (
				04BE55F82613CFAB00FBC01D /* Sources */,
				04BE55F92613CFAB00FBC01D /* Frameworks */,
				04BE55FA2613CFAB00FBC01D /* Resources */,
			);
			buildRules = (
			);
			dependencies = (
				04BE55FE2613CFAB00FBC01D /* PBXTargetDependency */,
			);
			name = "code-pathTests";
			productName = "code-pathTests";
			productReference = 04BE55FC2613CFAB00FBC01D /* code-pathTests.xctest */;
			productType = "com.apple.product-type.bundle.unit-test";
		};
		04BE56062613CFAB00FBC01D /* code-pathUITests */ = {
			isa = PBXNativeTarget;
			buildConfigurationList = 04BE56162613CFAB00FBC01D /* Build configuration list for PBXNativeTarget "code-pathUITests" */;
			buildPhases = (
				04BE56032613CFAB00FBC01D /* Sources */,
				04BE56042613CFAB00FBC01D /* Frameworks */,
				04BE56052613CFAB00FBC01D /* Resources */,
			);
			buildRules = (
			);
			dependencies = (
				04BE56092613CFAB00FBC01D /* PBXTargetDependency */,
			);
			name = "code-pathUITests";
			productName = "code-pathUITests";
			productReference = 04BE56072613CFAB00FBC01D /* code-pathUITests.xctest */;
			productType = "com.apple.product-type.bundle.ui-testing";
		};
/* End PBXNativeTarget section */

/* Begin PBXProject section */
		04BE55DE2613CFA700FBC01D /* Project object */ = {
			isa = PBXProject;
			attributes = {
				LastSwiftUpdateCheck = 1240;
				LastUpgradeCheck = 1240;
				TargetAttributes = {
					04BE55E52613CFA700FBC01D = {
						CreatedOnToolsVersion = 12.4;
					};
					04BE55FB2613CFAB00FBC01D = {
						CreatedOnToolsVersion = 12.4;
						TestTargetID = 04BE55E52613CFA700FBC01D;
					};
					04BE56062613CFAB00FBC01D = {
						CreatedOnToolsVersion = 12.4;
						TestTargetID = 04BE55E52613CFA700FBC01D;
					};
				};
			};
			buildConfigurationList = 04BE55E12613CFA700FBC01D /* Build configuration list for PBXProject "code-path" */;
			compatibilityVersion = "Xcode 9.3";
			developmentRegion = en;
			hasScannedForEncodings = 0;
			knownRegions = (
				en,
				Base,
			);
			mainGroup = 04BE55DD2613CFA700FBC01D;
			productRefGroup = 04BE55E72613CFA700FBC01D /* Products */;
			projectDirPath = "";
			projectRoot = "";
			targets = (
				04BE55E52613CFA700FBC01D /* code-path */,
				04BE55FB2613CFAB00FBC01D /* code-pathTests */,
				04BE56062613CFAB00FBC01D /* code-pathUITests */,
			);
		};
/* End PBXProject section */

/* Begin PBXResourcesBuildPhase section */
		04BE55E42613CFA700FBC01D /* Resources */ = {
			isa = PBXResourcesBuildPhase;
			buildActionMask = 2147483647;
			files = (
				04BE55F62613CFAB00FBC01D /* LaunchScreen.storyboard in Resources */,
				04BE55F32613CFAB00FBC01D /* Assets.xcassets in Resources */,
				04BE55F12613CFA700FBC01D /* Main.storyboard in Resources */,
			);
			runOnlyForDeploymentPostprocessing = 0;
		};
		04BE55FA2613CFAB00FBC01D /* Resources */ = {
			isa = PBXResourcesBuildPhase;
			buildActionMask = 2147483647;
			files = (
			);
			runOnlyForDeploymentPostprocessing = 0;
		};
		04BE56052613CFAB00FBC01D /* Resources */ = {
			isa = PBXResourcesBuildPhase;
			buildActionMask = 2147483647;
			files = (
			);
			runOnlyForDeploymentPostprocessing = 0;
		};
/* End PBXResourcesBuildPhase section */

/* Begin PBXSourcesBuildPhase section */
		04BE55E22613CFA700FBC01D /* Sources */ = {
			isa = PBXSourcesBuildPhase;
			buildActionMask = 2147483647;
			files = (
				04BE55EE2613CFA700FBC01D /* ViewController.swift in Sources */,
				04BE55EA2613CFA700FBC01D /* AppDelegate.swift in Sources */,
				04BE55EC2613CFA700FBC01D /* SceneDelegate.swift in Sources */,
			);
			runOnlyForDeploymentPostprocessing = 0;
		};
		04BE55F82613CFAB00FBC01D /* Sources */ = {
			isa = PBXSourcesBuildPhase;
			buildActionMask = 2147483647;
			files = (
				04BE56012613CFAB00FBC01D /* code_pathTests.swift in Sources */,
			);
			runOnlyForDeploymentPostprocessing = 0;
		};
		04BE56032613CFAB00FBC01D /* Sources */ = {
			isa = PBXSourcesBuildPhase;
			buildActionMask = 2147483647;
			files = (
				04BE560C2613CFAB00FBC01D /* code_pathUITests.swift in Sources */,
			);
			runOnlyForDeploymentPostprocessing = 0;
		};
/* End PBXSourcesBuildPhase section */

/* Begin PBXTargetDependency section */
		04BE55FE2613CFAB00FBC01D /* PBXTargetDependency */ = {
			isa = PBXTargetDependency;
			target = 04BE55E52613CFA700FBC01D /* code-path */;
			targetProxy = 04BE55FD2613CFAB00FBC01D /* PBXContainerItemProxy */;
		};
		04BE56092613CFAB00FBC01D /* PBXTargetDependency */ = {
			isa = PBXTargetDependency;
			target = 04BE55E52613CFA700FBC01D /* code-path */;
			targetProxy = 04BE56082613CFAB00FBC01D /* PBXContainerItemProxy */;
		};
/* End PBXTargetDependency section */

/* Begin PBXVariantGroup section */
		04BE55EF2613CFA700FBC01D /* Main.storyboard */ = {
			isa = PBXVariantGroup;
			children = (
				04BE55F02613CFA700FBC01D /* Base */,
			);
			name = Main.storyboard;
			sourceTree = "<group>";
		};
		04BE55F42613CFAB00FBC01D /* LaunchScreen.storyboard */ = {
			isa = PBXVariantGroup;
			children = (
				04BE55F52613CFAB00FBC01D /* Base */,
			);
			name = LaunchScreen.storyboard;
			sourceTree = "<group>";
		};
/* End PBXVariantGroup section */

/* Begin XCBuildConfiguration section */
		04BE560E2613CFAB00FBC01D /* Debug */ = {
			isa = XCBuildConfiguration;
			buildSettings = {
				ALWAYS_SEARCH_USER_PATHS = NO;
				CLANG_ANALYZER_NONNULL = YES;
				CLANG_ANALYZER_NUMBER_OBJECT_CONVERSION = YES_AGGRESSIVE;
				CLANG_CXX_LANGUAGE_STANDARD = "gnu++14";
				CLANG_CXX_LIBRARY = "libc++";
				CLANG_ENABLE_MODULES = YES;
				CLANG_ENABLE_OBJC_ARC = YES;
				CLANG_ENABLE_OBJC_WEAK = YES;
				CLANG_WARN_BLOCK_CAPTURE_AUTORELEASING = YES;
				CLANG_WARN_BOOL_CONVERSION = YES;
				CLANG_WARN_COMMA = YES;
				CLANG_WARN_CONSTANT_CONVERSION = YES;
				CLANG_WARN_DEPRECATED_OBJC_IMPLEMENTATIONS = YES;
				CLANG_WARN_DIRECT_OBJC_ISA_USAGE = YES_ERROR;
				CLANG_WARN_DOCUMENTATION_COMMENTS = YES;
				CLANG_WARN_EMPTY_BODY = YES;
				CLANG_WARN_ENUM_CONVERSION = YES;
				CLANG_WARN_INFINITE_RECURSION = YES;
				CLANG_WARN_INT_CONVERSION = YES;
				CLANG_WARN_NON_LITERAL_NULL_CONVERSION = YES;
				CLANG_WARN_OBJC_IMPLICIT_RETAIN_SELF = YES;
				CLANG_WARN_OBJC_LITERAL_CONVERSION = YES;
				CLANG_WARN_OBJC_ROOT_CLASS = YES_ERROR;
				CLANG_WARN_QUOTED_INCLUDE_IN_FRAMEWORK_HEADER = YES;
				CLANG_WARN_RANGE_LOOP_ANALYSIS = YES;
				CLANG_WARN_STRICT_PROTOTYPES = YES;
				CLANG_WARN_SUSPICIOUS_MOVE = YES;
				CLANG_WARN_UNGUARDED_AVAILABILITY = YES_AGGRESSIVE;
				CLANG_WARN_UNREACHABLE_CODE = YES;
				CLANG_WARN__DUPLICATE_METHOD_MATCH = YES;
				COPY_PHASE_STRIP = NO;
				DEBUG_INFORMATION_FORMAT = dwarf;
				ENABLE_STRICT_OBJC_MSGSEND = YES;
				ENABLE_TESTABILITY = YES;
				GCC_C_LANGUAGE_STANDARD = gnu11;
				GCC_DYNAMIC_NO_PIC = NO;
				GCC_NO_COMMON_BLOCKS = YES;
				GCC_OPTIMIZATION_LEVEL = 0;
				GCC_PREPROCESSOR_DEFINITIONS = (
					"DEBUG=1",
					"$(inherited)",
				);
				GCC_WARN_64_TO_32_BIT_CONVERSION = YES;
				GCC_WARN_ABOUT_RETURN_TYPE = YES_ERROR;
				GCC_WARN_UNDECLARED_SELECTOR = YES;
				GCC_WARN_UNINITIALIZED_AUTOS = YES_AGGRESSIVE;
				GCC_WARN_UNUSED_FUNCTION = YES;
				GCC_WARN_UNUSED_VARIABLE = YES;
				IPHONEOS_DEPLOYMENT_TARGET = 14.4;
				MTL_ENABLE_DEBUG_INFO = INCLUDE_SOURCE;
				MTL_FAST_MATH = YES;
				ONLY_ACTIVE_ARCH = YES;
				SDKROOT = iphoneos;
				SWIFT_ACTIVE_COMPILATION_CONDITIONS = DEBUG;
				SWIFT_OPTIMIZATION_LEVEL = "-Onone";
			};
			name = Debug;
		};
		04BE560F2613CFAB00FBC01D /* Release */ = {
			isa = XCBuildConfiguration;
			buildSettings = {
				ALWAYS_SEARCH_USER_PATHS = NO;
				CLANG_ANALYZER_NONNULL = YES;
				CLANG_ANALYZER_NUMBER_OBJECT_CONVERSION = YES_AGGRESSIVE;
				CLANG_CXX_LANGUAGE_STANDARD = "gnu++14";
				CLANG_CXX_LIBRARY = "libc++";
				CLANG_ENABLE_MODULES = YES;
				CLANG_ENABLE_OBJC_ARC = YES;
				CLANG_ENABLE_OBJC_WEAK = YES;
				CLANG_WARN_BLOCK_CAPTURE_AUTORELEASING = YES;
				CLANG_WARN_BOOL_CONVERSION = YES;
				CLANG_WARN_COMMA = YES;
				CLANG_WARN_CONSTANT_CONVERSION = YES;
				CLANG_WARN_DEPRECATED_OBJC_IMPLEMENTATIONS = YES;
				CLANG_WARN_DIRECT_OBJC_ISA_USAGE = YES_ERROR;
				CLANG_WARN_DOCUMENTATION_COMMENTS = YES;
				CLANG_WARN_EMPTY_BODY = YES;
				CLANG_WARN_ENUM_CONVERSION = YES;
				CLANG_WARN_INFINITE_RECURSION = YES;
				CLANG_WARN_INT_CONVERSION = YES;
				CLANG_WARN_NON_LITERAL_NULL_CONVERSION = YES;
				CLANG_WARN_OBJC_IMPLICIT_RETAIN_SELF = YES;
				CLANG_WARN_OBJC_LITERAL_CONVERSION = YES;
				CLANG_WARN_OBJC_ROOT_CLASS = YES_ERROR;
				CLANG_WARN_QUOTED_INCLUDE_IN_FRAMEWORK_HEADER = YES;
				CLANG_WARN_RANGE_LOOP_ANALYSIS = YES;
				CLANG_WARN_STRICT_PROTOTYPES = YES;
				CLANG_WARN_SUSPICIOUS_MOVE = YES;
				CLANG_WARN_UNGUARDED_AVAILABILITY = YES_AGGRESSIVE;
				CLANG_WARN_UNREACHABLE_CODE = YES;
				CLANG_WARN__DUPLICATE_METHOD_MATCH = YES;
				COPY_PHASE_STRIP = NO;
				DEBUG_INFORMATION_FORMAT = "dwarf-with-dsym";
				ENABLE_NS_ASSERTIONS = NO;
				ENABLE_STRICT_OBJC_MSGSEND = YES;
				GCC_C_LANGUAGE_STANDARD = gnu11;
				GCC_NO_COMMON_BLOCKS = YES;
				GCC_WARN_64_TO_32_BIT_CONVERSION = YES;
				GCC_WARN_ABOUT_RETURN_TYPE = YES_ERROR;
				GCC_WARN_UNDECLARED_SELECTOR = YES;
				GCC_WARN_UNINITIALIZED_AUTOS = YES_AGGRESSIVE;
				GCC_WARN_UNUSED_FUNCTION = YES;
				GCC_WARN_UNUSED_VARIABLE = YES;
				IPHONEOS_DEPLOYMENT_TARGET = 14.4;
				MTL_ENABLE_DEBUG_INFO = NO;
				MTL_FAST_MATH = YES;
				SDKROOT = iphoneos;
				SWIFT_COMPILATION_MODE = wholemodule;
				SWIFT_OPTIMIZATION_LEVEL = "-O";
				VALIDATE_PRODUCT = YES;
			};
			name = Release;
		};
		04BE56112613CFAB00FBC01D /* Debug */ = {
			isa = XCBuildConfiguration;
			buildSettings = {
				ASSETCATALOG_COMPILER_APPICON_NAME = AppIcon;
				ASSETCATALOG_COMPILER_GLOBAL_ACCENT_COLOR_NAME = AccentColor;
				CODE_SIGN_STYLE = Automatic;
				INFOPLIST_FILE = "code-path/Info.plist";
				LD_RUNPATH_SEARCH_PATHS = (
					"$(inherited)",
					"@executable_path/Frameworks",
				);
				PRODUCT_BUNDLE_IDENTIFIER = "drn3man.code-path";
				PRODUCT_NAME = "$(TARGET_NAME)";
				SWIFT_VERSION = 5.0;
				TARGETED_DEVICE_FAMILY = "1,2";
			};
			name = Debug;
		};
		04BE56122613CFAB00FBC01D /* Release */ = {
			isa = XCBuildConfiguration;
			buildSettings = {
				ASSETCATALOG_COMPILER_APPICON_NAME = AppIcon;
				ASSETCATALOG_COMPILER_GLOBAL_ACCENT_COLOR_NAME = AccentColor;
				CODE_SIGN_STYLE = Automatic;
				INFOPLIST_FILE = "code-path/Info.plist";
				LD_RUNPATH_SEARCH_PATHS = (
					"$(inherited)",
					"@executable_path/Frameworks",
				);
				PRODUCT_BUNDLE_IDENTIFIER = "drn3man.code-path";
				PRODUCT_NAME = "$(TARGET_NAME)";
				SWIFT_VERSION = 5.0;
				TARGETED_DEVICE_FAMILY = "1,2";
			};
			name = Release;
		};
		04BE56142613CFAB00FBC01D /* Debug */ = {
			isa = XCBuildConfiguration;
			buildSettings = {
				ALWAYS_EMBED_SWIFT_STANDARD_LIBRARIES = YES;
				BUNDLE_LOADER = "$(TEST_HOST)";
				CODE_SIGN_STYLE = Automatic;
				INFOPLIST_FILE = "code-pathTests/Info.plist";
				IPHONEOS_DEPLOYMENT_TARGET = 14.4;
				LD_RUNPATH_SEARCH_PATHS = (
					"$(inherited)",
					"@executable_path/Frameworks",
					"@loader_path/Frameworks",
				);
				PRODUCT_BUNDLE_IDENTIFIER = "drn3man.code-pathTests";
				PRODUCT_NAME = "$(TARGET_NAME)";
				SWIFT_VERSION = 5.0;
				TARGETED_DEVICE_FAMILY = "1,2";
				TEST_HOST = "$(BUILT_PRODUCTS_DIR)/code-path.app/code-path";
			};
			name = Debug;
		};
		04BE56152613CFAB00FBC01D /* Release */ = {
			isa = XCBuildConfiguration;
			buildSettings = {
				ALWAYS_EMBED_SWIFT_STANDARD_LIBRARIES = YES;
				BUNDLE_LOADER = "$(TEST_HOST)";
				CODE_SIGN_STYLE = Automatic;
				INFOPLIST_FILE = "code-pathTests/Info.plist";
				IPHONEOS_DEPLOYMENT_TARGET = 14.4;
				LD_RUNPATH_SEARCH_PATHS = (
					"$(inherited)",
					"@executable_path/Frameworks",
					"@loader_path/Frameworks",
				);
				PRODUCT_BUNDLE_IDENTIFIER = "drn3man.code-pathTests";
				PRODUCT_NAME = "$(TARGET_NAME)";
				SWIFT_VERSION = 5.0;
				TARGETED_DEVICE_FAMILY = "1,2";
				TEST_HOST = "$(BUILT_PRODUCTS_DIR)/code-path.app/code-path";
			};
			name = Release;
		};
		04BE56172613CFAB00FBC01D /* Debug */ = {
			isa = XCBuildConfiguration;
			buildSettings = {
				ALWAYS_EMBED_SWIFT_STANDARD_LIBRARIES = YES;
				CODE_SIGN_STYLE = Automatic;
				INFOPLIST_FILE = "code-pathUITests/Info.plist";
				LD_RUNPATH_SEARCH_PATHS = (
					"$(inherited)",
					"@executable_path/Frameworks",
					"@loader_path/Frameworks",
				);
				PRODUCT_BUNDLE_IDENTIFIER = "drn3man.code-pathUITests";
				PRODUCT_NAME = "$(TARGET_NAME)";
				SWIFT_VERSION = 5.0;
				TARGETED_DEVICE_FAMILY = "1,2";
				TEST_TARGET_NAME = "code-path";
			};
			name = Debug;
		};
		04BE56182613CFAB00FBC01D /* Release */ = {
			isa = XCBuildConfiguration;
			buildSettings = {
				ALWAYS_EMBED_SWIFT_STANDARD_LIBRARIES = YES;
				CODE_SIGN_STYLE = Automatic;
				INFOPLIST_FILE = "code-pathUITests/Info.plist";
				LD_RUNPATH_SEARCH_PATHS = (
					"$(inherited)",
					"@executable_path/Frameworks",
					"@loader_path/Frameworks",
				);
				PRODUCT_BUNDLE_IDENTIFIER = "drn3man.code-pathUITests";
				PRODUCT_NAME = "$(TARGET_NAME)";
				SWIFT_VERSION = 5.0;
				TARGETED_DEVICE_FAMILY = "1,2";
				TEST_TARGET_NAME = "code-path";
			};
			name = Release;
		};
/* End XCBuildConfiguration section */

/* Begin XCConfigurationList section */
		04BE55E12613CFA700FBC01D /* Build configuration list for PBXProject "code-path" */ = {
			isa = XCConfigurationList;
			buildConfigurations = (
				04BE560E2613CFAB00FBC01D /* Debug */,
				04BE560F2613CFAB00FBC01D /* Release */,
			);
			defaultConfigurationIsVisible = 0;
			defaultConfigurationName = Release;
		};
		04BE56102613CFAB00FBC01D /* Build configuration list for PBXNativeTarget "code-path" */ = {
			isa = XCConfigurationList;
			buildConfigurations = (
				04BE56112613CFAB00FBC01D /* Debug */,
				04BE56122613CFAB00FBC01D /* Release */,
			);
			defaultConfigurationIsVisible = 0;
			defaultConfigurationName = Release;
		};
		04BE56132613CFAB00FBC01D /* Build configuration list for PBXNativeTarget "code-pathTests" */ = {
			isa = XCConfigurationList;
			buildConfigurations = (
				04BE56142613CFAB00FBC01D /* Debug */,
				04BE56152613CFAB00FBC01D /* Release */,
			);
			defaultConfigurationIsVisible = 0;
			defaultConfigurationName = Release;
		};
		04BE56162613CFAB00FBC01D /* Build configuration list for PBXNativeTarget "code-pathUITests" */ = {
			isa = XCConfigurationList;
			buildConfigurations = (
				04BE56172613CFAB00FBC01D /* Debug */,
				04BE56182613CFAB00FBC01D /* Release */,
			);
			defaultConfigurationIsVisible = 0;
			defaultConfigurationName = Release;
		};
/* End XCConfigurationList section */
	};
	rootObject = 04BE55DE2613CFA700FBC01D /* Project object */;
}
